
Microsoft Visual Studio Solution File, Format Version 12.00
# Visual Studio 14
VisualStudioVersion = 14.0.23107.0
MinimumVisualStudioVersion = 10.0.40219.1
Project("{E24C65DC-7377-472B-9ABA-BC803B73C61A}") = "MyConfirm", "..\MyConfirm", "{8D29A329-B376-45B5-A5CB-3FFD52D3251B}"
	ProjectSection(WebsiteProperties) = preProject
		TargetFrameworkMoniker = ".NETFramework,Version%3Dv4.0"
		Debug.AspNetCompiler.VirtualPath = "/localhost_63670"
		Debug.AspNetCompiler.PhysicalPath = "..\MyConfirm\"
		Debug.AspNetCompiler.TargetPath = "PrecompiledWeb\localhost_63670\"
		Debug.AspNetCompiler.Updateable = "true"
		Debug.AspNetCompiler.ForceOverwrite = "true"
		Debug.AspNetCompiler.FixedNames = "false"
		Debug.AspNetCompiler.Debug = "True"
		Release.AspNetCompiler.VirtualPath = "/localhost_63670"
		Release.AspNetCompiler.PhysicalPath = "..\MyConfirm\"
		Release.AspNetCompiler.TargetPath = "PrecompiledWeb\localhost_63670\"
		Release.AspNetCompiler.Updateable = "true"
		Release.AspNetCompiler.ForceOverwrite = "true"
		Release.AspNetCompiler.FixedNames = "false"
		Release.AspNetCompiler.Debug = "False"
		VWDPort = "63670"
		SlnRelativePath = "..\MyConfirm\"
	EndProjectSection
EndProject
Global
	GlobalSection(SolutionConfigurationPlatforms) = preSolution
		Debug|Any CPU = Debug|Any CPU
	EndGlobalSection
	GlobalSection(ProjectConfigurationPlatforms) = postSolution
		{8D29A329-B376-45B5-A5CB-3FFD52D3251B}.Debug|Any CPU.ActiveCfg = Debug|Any CPU
		{8D29A329-B376-45B5-A5CB-3FFD52D3251B}.Debug|Any CPU.Build.0 = Debug|Any CPU
	EndGlobalSection
	GlobalSection(SolutionProperties) = preSolution
		HideSolutionNode = FALSE
	EndGlobalSection
EndGlobal
